
Microsoft Visual Studio Solution File, Format Version 10.00
# Visual Studio 2008
Project("{8BC9CEB8-8B4A-11D0-8D11-00A0C91BC942}") = "BCV", "BCV\BCV.vcproj", "{A7BF2BBF-2EAF-4A74-95A5-0B1C188186F3}"
EndProject
Global
	GlobalSection(SolutionConfigurationPlatforms) = preSolution
		Debug|Win32 = Debug|Win32
		Release|Win32 = Release|Win32
	EndGlobalSection
	GlobalSection(ProjectConfigurationPlatforms) = postSolution
		{A7BF2BBF-2EAF-4A74-95A5-0B1C188186F3}.Debug|Win32.ActiveCfg = Debug|Win32
		{A7BF2BBF-2EAF-4A74-95A5-0B1C188186F3}.Debug|Win32.Build.0 = Debug|Win32
		{A7BF2BBF-2EAF-4A74-95A5-0B1C188186F3}.Release|Win32.ActiveCfg = Release|Win32
		{A7BF2BBF-2EAF-4A74-95A5-0B1C188186F3}.Release|Win32.Build.0 = Release|Win32
	EndGlobalSection
	GlobalSection(SolutionProperties) = preSolution
		HideSolutionNode = FALSE
	EndGlobalSection
EndGlobal
